// !$*UTF8*$!
{
	archiveVersion = 1;
	classes = {
	};
	objectVersion = 46;
	objects = {

/* Begin PBXBuildFile section */
		F0D894121D98207D00BBA7E7 /* AppDelegate.swift in Sources */ = {isa = PBXBuildFile; fileRef = F0D894111D98207D00BBA7E7 /* AppDelegate.swift */; };
		F0D894141D98207D00BBA7E7 /* ViewController.swift in Sources */ = {isa = PBXBuildFile; fileRef = F0D894131D98207D00BBA7E7 /* ViewController.swift */; };
		F0D894171D98207D00BBA7E7 /* Main.storyboard in Resources */ = {isa = PBXBuildFile; fileRef = F0D894151D98207D00BBA7E7 /* Main.storyboard */; };
		F0D894191D98207D00BBA7E7 /* Assets.xcassets in Resources */ = {isa = PBXBuildFile; fileRef = F0D894181D98207D00BBA7E7 /* Assets.xcassets */; };
		F0D8941C1D98207D00BBA7E7 /* LaunchScreen.storyboard in Resources */ = {isa = PBXBuildFile; fileRef = F0D8941A1D98207D00BBA7E7 /* LaunchScreen.storyboard */; };
		F0D894271D98207D00BBA7E7 /* ScrollTrollTests.swift in Sources */ = {isa = PBXBuildFile; fileRef = F0D894261D98207D00BBA7E7 /* ScrollTrollTests.swift */; };
		F0D894321D9821DE00BBA7E7 /* Assets in Resources */ = {isa = PBXBuildFile; fileRef = F0D894311D9821DE00BBA7E7 /* Assets */; };
		F0D894371D98220300BBA7E7 /* arrowDown.png in Resources */ = {isa = PBXBuildFile; fileRef = F0D894331D98220300BBA7E7 /* arrowDown.png */; };
		F0D894381D98220300BBA7E7 /* arrowLeft.png in Resources */ = {isa = PBXBuildFile; fileRef = F0D894341D98220300BBA7E7 /* arrowLeft.png */; };
		F0D894391D98220300BBA7E7 /* arrowRight.png in Resources */ = {isa = PBXBuildFile; fileRef = F0D894351D98220300BBA7E7 /* arrowRight.png */; };
		F0D8943A1D98220300BBA7E7 /* arrowUp.png in Resources */ = {isa = PBXBuildFile; fileRef = F0D894361D98220300BBA7E7 /* arrowUp.png */; };
		F0D894591D98223300BBA7E7 /* BryceCanyon01.jpg in Resources */ = {isa = PBXBuildFile; fileRef = F0D8943D1D98223300BBA7E7 /* BryceCanyon01.jpg */; };
		F0D8945A1D98223300BBA7E7 /* BryceCanyon02.jpg in Resources */ = {isa = PBXBuildFile; fileRef = F0D8943E1D98223300BBA7E7 /* BryceCanyon02.jpg */; };
		F0D8945B1D98223300BBA7E7 /* BryceCanyon03.jpg in Resources */ = {isa = PBXBuildFile; fileRef = F0D8943F1D98223300BBA7E7 /* BryceCanyon03.jpg */; };
		F0D8945C1D98223300BBA7E7 /* Carlsbad01.jpg in Resources */ = {isa = PBXBuildFile; fileRef = F0D894401D98223300BBA7E7 /* Carlsbad01.jpg */; };
		F0D8945D1D98223300BBA7E7 /* Carlsbad02.jpg in Resources */ = {isa = PBXBuildFile; fileRef = F0D894411D98223300BBA7E7 /* Carlsbad02.jpg */; };
		F0D8945E1D98223300BBA7E7 /* CarlsBad03.jpg in Resources */ = {isa = PBXBuildFile; fileRef = F0D894421D98223300BBA7E7 /* CarlsBad03.jpg */; };
		F0D8945F1D98223300BBA7E7 /* Carlsbad04.jpg in Resources */ = {isa = PBXBuildFile; fileRef = F0D894431D98223300BBA7E7 /* Carlsbad04.jpg */; };
		F0D894601D98223300BBA7E7 /* Everglades01.jpg in Resources */ = {isa = PBXBuildFile; fileRef = F0D894441D98223300BBA7E7 /* Everglades01.jpg */; };
		F0D894611D98223300BBA7E7 /* Everglades02.jpg in Resources */ = {isa = PBXBuildFile; fileRef = F0D894451D98223300BBA7E7 /* Everglades02.jpg */; };
		F0D894621D98223300BBA7E7 /* Glacier01.jpg in Resources */ = {isa = PBXBuildFile; fileRef = F0D894461D98223300BBA7E7 /* Glacier01.jpg */; };
		F0D894631D98223300BBA7E7 /* Glacier02.jpg in Resources */ = {isa = PBXBuildFile; fileRef = F0D894471D98223300BBA7E7 /* Glacier02.jpg */; };
		F0D894641D98223300BBA7E7 /* Glacier03.jpg in Resources */ = {isa = PBXBuildFile; fileRef = F0D894481D98223300BBA7E7 /* Glacier03.jpg */; };
		F0D894651D98223300BBA7E7 /* Glacier04.jpg in Resources */ = {isa = PBXBuildFile; fileRef = F0D894491D98223300BBA7E7 /* Glacier04.jpg */; };
		F0D894661D98223300BBA7E7 /* GrandTeton01.jpg in Resources */ = {isa = PBXBuildFile; fileRef = F0D8944A1D98223300BBA7E7 /* GrandTeton01.jpg */; };
		F0D894671D98223300BBA7E7 /* GrandTeton02.jpg in Resources */ = {isa = PBXBuildFile; fileRef = F0D8944B1D98223300BBA7E7 /* GrandTeton02.jpg */; };
		F0D894681D98223300BBA7E7 /* Yellowstone01.jpg in Resources */ = {isa = PBXBuildFile; fileRef = F0D8944C1D98223300BBA7E7 /* Yellowstone01.jpg */; };
		F0D894691D98223300BBA7E7 /* Yellowstone02.jpg in Resources */ = {isa = PBXBuildFile; fileRef = F0D8944D1D98223300BBA7E7 /* Yellowstone02.jpg */; };
		F0D8946A1D98223300BBA7E7 /* Yellowstone03.jpg in Resources */ = {isa = PBXBuildFile; fileRef = F0D8944E1D98223300BBA7E7 /* Yellowstone03.jpg */; };
		F0D8946B1D98223300BBA7E7 /* Yellowstone04.jpg in Resources */ = {isa = PBXBuildFile; fileRef = F0D8944F1D98223300BBA7E7 /* Yellowstone04.jpg */; };
		F0D8946C1D98223300BBA7E7 /* Yosemite01.jpg in Resources */ = {isa = PBXBuildFile; fileRef = F0D894501D98223300BBA7E7 /* Yosemite01.jpg */; };
		F0D8946D1D98223300BBA7E7 /* Yosemite02.jpg in Resources */ = {isa = PBXBuildFile; fileRef = F0D894511D98223300BBA7E7 /* Yosemite02.jpg */; };
		F0D8946E1D98223300BBA7E7 /* Yosemite03.jpg in Resources */ = {isa = PBXBuildFile; fileRef = F0D894521D98223300BBA7E7 /* Yosemite03.jpg */; };
		F0D8946F1D98223300BBA7E7 /* Yosemite04.jpg in Resources */ = {isa = PBXBuildFile; fileRef = F0D894531D98223300BBA7E7 /* Yosemite04.jpg */; };
		F0D894701D98223300BBA7E7 /* Yosemite05.jpg in Resources */ = {isa = PBXBuildFile; fileRef = F0D894541D98223300BBA7E7 /* Yosemite05.jpg */; };
		F0D894711D98223300BBA7E7 /* Yosemite06.jpg in Resources */ = {isa = PBXBuildFile; fileRef = F0D894551D98223300BBA7E7 /* Yosemite06.jpg */; };
		F0D894721D98223300BBA7E7 /* Zion01.jpg in Resources */ = {isa = PBXBuildFile; fileRef = F0D894561D98223300BBA7E7 /* Zion01.jpg */; };
		F0D894731D98223300BBA7E7 /* Zion02.jpg in Resources */ = {isa = PBXBuildFile; fileRef = F0D894571D98223300BBA7E7 /* Zion02.jpg */; };
		F0D894741D98223300BBA7E7 /* Zion03.jpg in Resources */ = {isa = PBXBuildFile; fileRef = F0D894581D98223300BBA7E7 /* Zion03.jpg */; };
		F0D894771D98225100BBA7E7 /* Photos.plist in Resources */ = {isa = PBXBuildFile; fileRef = F0D894761D98225100BBA7E7 /* Photos.plist */; };
		F0D8947E1D98263A00BBA7E7 /* ParksModel.swift in Sources */ = {isa = PBXBuildFile; fileRef = F0D8947D1D98263A00BBA7E7 /* ParksModel.swift */; };
/* End PBXBuildFile section */

/* Begin PBXContainerItemProxy section */
		F0D894231D98207D00BBA7E7 /* PBXContainerItemProxy */ = {
			isa = PBXContainerItemProxy;
			containerPortal = F0D894061D98207D00BBA7E7 /* Project object */;
			proxyType = 1;
			remoteGlobalIDString = F0D8940D1D98207D00BBA7E7;
			remoteInfo = ScrollTroll;
		};
/* End PBXContainerItemProxy section */

/* Begin PBXFileReference section */
		F0D8940E1D98207D00BBA7E7 /* ScrollTroll.app */ = {isa = PBXFileReference; explicitFileType = wrapper.application; includeInIndex = 0; path = ScrollTroll.app; sourceTree = BUILT_PRODUCTS_DIR; };
		F0D894111D98207D00BBA7E7 /* AppDelegate.swift */ = {isa = PBXFileReference; lastKnownFileType = sourcecode.swift; path = AppDelegate.swift; sourceTree = "<group>"; };
		F0D894131D98207D00BBA7E7 /* ViewController.swift */ = {isa = PBXFileReference; lastKnownFileType = sourcecode.swift; path = ViewController.swift; sourceTree = "<group>"; };
		F0D894161D98207D00BBA7E7 /* Base */ = {isa = PBXFileReference; lastKnownFileType = file.storyboard; name = Base; path = Base.lproj/Main.storyboard; sourceTree = "<group>"; };
		F0D894181D98207D00BBA7E7 /* Assets.xcassets */ = {isa = PBXFileReference; lastKnownFileType = folder.assetcatalog; path = Assets.xcassets; sourceTree = "<group>"; };
		F0D8941B1D98207D00BBA7E7 /* Base */ = {isa = PBXFileReference; lastKnownFileType = file.storyboard; name = Base; path = Base.lproj/LaunchScreen.storyboard; sourceTree = "<group>"; };
		F0D8941D1D98207D00BBA7E7 /* Info.plist */ = {isa = PBXFileReference; lastKnownFileType = text.plist.xml; path = Info.plist; sourceTree = "<group>"; };
		F0D894221D98207D00BBA7E7 /* ScrollTrollTests.xctest */ = {isa = PBXFileReference; explicitFileType = wrapper.cfbundle; includeInIndex = 0; path = ScrollTrollTests.xctest; sourceTree = BUILT_PRODUCTS_DIR; };
		F0D894261D98207D00BBA7E7 /* ScrollTrollTests.swift */ = {isa = PBXFileReference; lastKnownFileType = sourcecode.swift; path = ScrollTrollTests.swift; sourceTree = "<group>"; };
		F0D894281D98207D00BBA7E7 /* Info.plist */ = {isa = PBXFileReference; lastKnownFileType = text.plist.xml; path = Info.plist; sourceTree = "<group>"; };
		F0D894311D9821DE00BBA7E7 /* Assets */ = {isa = PBXFileReference; lastKnownFileType = folder; path = Assets; sourceTree = "<group>"; };
		F0D894331D98220300BBA7E7 /* arrowDown.png */ = {isa = PBXFileReference; lastKnownFileType = image.png; name = arrowDown.png; path = Assets/Arrows/arrowDown.png; sourceTree = "<group>"; };
		F0D894341D98220300BBA7E7 /* arrowLeft.png */ = {isa = PBXFileReference; lastKnownFileType = image.png; name = arrowLeft.png; path = Assets/Arrows/arrowLeft.png; sourceTree = "<group>"; };
		F0D894351D98220300BBA7E7 /* arrowRight.png */ = {isa = PBXFileReference; lastKnownFileType = image.png; name = arrowRight.png; path = Assets/Arrows/arrowRight.png; sourceTree = "<group>"; };
		F0D894361D98220300BBA7E7 /* arrowUp.png */ = {isa = PBXFileReference; lastKnownFileType = image.png; name = arrowUp.png; path = Assets/Arrows/arrowUp.png; sourceTree = "<group>"; };
		F0D8943D1D98223300BBA7E7 /* BryceCanyon01.jpg */ = {isa = PBXFileReference; lastKnownFileType = image.jpeg; name = BryceCanyon01.jpg; path = Assets/Photos/BryceCanyon01.jpg; sourceTree = "<group>"; };
		F0D8943E1D98223300BBA7E7 /* BryceCanyon02.jpg */ = {isa = PBXFileReference; lastKnownFileType = image.jpeg; name = BryceCanyon02.jpg; path = Assets/Photos/BryceCanyon02.jpg; sourceTree = "<group>"; };
		F0D8943F1D98223300BBA7E7 /* BryceCanyon03.jpg */ = {isa = PBXFileReference; lastKnownFileType = image.jpeg; name = BryceCanyon03.jpg; path = Assets/Photos/BryceCanyon03.jpg; sourceTree = "<group>"; };
		F0D894401D98223300BBA7E7 /* Carlsbad01.jpg */ = {isa = PBXFileReference; lastKnownFileType = image.jpeg; name = Carlsbad01.jpg; path = Assets/Photos/Carlsbad01.jpg; sourceTree = "<group>"; };
		F0D894411D98223300BBA7E7 /* Carlsbad02.jpg */ = {isa = PBXFileReference; lastKnownFileType = image.jpeg; name = Carlsbad02.jpg; path = Assets/Photos/Carlsbad02.jpg; sourceTree = "<group>"; };
		F0D894421D98223300BBA7E7 /* CarlsBad03.jpg */ = {isa = PBXFileReference; lastKnownFileType = image.jpeg; name = CarlsBad03.jpg; path = Assets/Photos/CarlsBad03.jpg; sourceTree = "<group>"; };
		F0D894431D98223300BBA7E7 /* Carlsbad04.jpg */ = {isa = PBXFileReference; lastKnownFileType = image.jpeg; name = Carlsbad04.jpg; path = Assets/Photos/Carlsbad04.jpg; sourceTree = "<group>"; };
		F0D894441D98223300BBA7E7 /* Everglades01.jpg */ = {isa = PBXFileReference; lastKnownFileType = image.jpeg; name = Everglades01.jpg; path = Assets/Photos/Everglades01.jpg; sourceTree = "<group>"; };
		F0D894451D98223300BBA7E7 /* Everglades02.jpg */ = {isa = PBXFileReference; lastKnownFileType = image.jpeg; name = Everglades02.jpg; path = Assets/Photos/Everglades02.jpg; sourceTree = "<group>"; };
		F0D894461D98223300BBA7E7 /* Glacier01.jpg */ = {isa = PBXFileReference; lastKnownFileType = image.jpeg; name = Glacier01.jpg; path = Assets/Photos/Glacier01.jpg; sourceTree = "<group>"; };
		F0D894471D98223300BBA7E7 /* Glacier02.jpg */ = {isa = PBXFileReference; lastKnownFileType = image.jpeg; name = Glacier02.jpg; path = Assets/Photos/Glacier02.jpg; sourceTree = "<group>"; };
		F0D894481D98223300BBA7E7 /* Glacier03.jpg */ = {isa = PBXFileReference; lastKnownFileType = image.jpeg; name = Glacier03.jpg; path = Assets/Photos/Glacier03.jpg; sourceTree = "<group>"; };
		F0D894491D98223300BBA7E7 /* Glacier04.jpg */ = {isa = PBXFileReference; lastKnownFileType = image.jpeg; name = Glacier04.jpg; path = Assets/Photos/Glacier04.jpg; sourceTree = "<group>"; };
		F0D8944A1D98223300BBA7E7 /* GrandTeton01.jpg */ = {isa = PBXFileReference; lastKnownFileType = image.jpeg; name = GrandTeton01.jpg; path = Assets/Photos/GrandTeton01.jpg; sourceTree = "<group>"; };
		F0D8944B1D98223300BBA7E7 /* GrandTeton02.jpg */ = {isa = PBXFileReference; lastKnownFileType = image.jpeg; name = GrandTeton02.jpg; path = Assets/Photos/GrandTeton02.jpg; sourceTree = "<group>"; };
		F0D8944C1D98223300BBA7E7 /* Yellowstone01.jpg */ = {isa = PBXFileReference; lastKnownFileType = image.jpeg; name = Yellowstone01.jpg; path = Assets/Photos/Yellowstone01.jpg; sourceTree = "<group>"; };
		F0D8944D1D98223300BBA7E7 /* Yellowstone02.jpg */ = {isa = PBXFileReference; lastKnownFileType = image.jpeg; name = Yellowstone02.jpg; path = Assets/Photos/Yellowstone02.jpg; sourceTree = "<group>"; };
		F0D8944E1D98223300BBA7E7 /* Yellowstone03.jpg */ = {isa = PBXFileReference; lastKnownFileType = image.jpeg; name = Yellowstone03.jpg; path = Assets/Photos/Yellowstone03.jpg; sourceTree = "<group>"; };
		F0D8944F1D98223300BBA7E7 /* Yellowstone04.jpg */ = {isa = PBXFileReference; lastKnownFileType = image.jpeg; name = Yellowstone04.jpg; path = Assets/Photos/Yellowstone04.jpg; sourceTree = "<group>"; };
		F0D894501D98223300BBA7E7 /* Yosemite01.jpg */ = {isa = PBXFileReference; lastKnownFileType = image.jpeg; name = Yosemite01.jpg; path = Assets/Photos/Yosemite01.jpg; sourceTree = "<group>"; };
		F0D894511D98223300BBA7E7 /* Yosemite02.jpg */ = {isa = PBXFileReference; lastKnownFileType = image.jpeg; name = Yosemite02.jpg; path = Assets/Photos/Yosemite02.jpg; sourceTree = "<group>"; };
		F0D894521D98223300BBA7E7 /* Yosemite03.jpg */ = {isa = PBXFileReference; lastKnownFileType = image.jpeg; name = Yosemite03.jpg; path = Assets/Photos/Yosemite03.jpg; sourceTree = "<group>"; };
		F0D894531D98223300BBA7E7 /* Yosemite04.jpg */ = {isa = PBXFileReference; lastKnownFileType = image.jpeg; name = Yosemite04.jpg; path = Assets/Photos/Yosemite04.jpg; sourceTree = "<group>"; };
		F0D894541D98223300BBA7E7 /* Yosemite05.jpg */ = {isa = PBXFileReference; lastKnownFileType = image.jpeg; name = Yosemite05.jpg; path = Assets/Photos/Yosemite05.jpg; sourceTree = "<group>"; };
		F0D894551D98223300BBA7E7 /* Yosemite06.jpg */ = {isa = PBXFileReference; lastKnownFileType = image.jpeg; name = Yosemite06.jpg; path = Assets/Photos/Yosemite06.jpg; sourceTree = "<group>"; };
		F0D894561D98223300BBA7E7 /* Zion01.jpg */ = {isa = PBXFileReference; lastKnownFileType = image.jpeg; name = Zion01.jpg; path = Assets/Photos/Zion01.jpg; sourceTree = "<group>"; };
		F0D894571D98223300BBA7E7 /* Zion02.jpg */ = {isa = PBXFileReference; lastKnownFileType = image.jpeg; name = Zion02.jpg; path = Assets/Photos/Zion02.jpg; sourceTree = "<group>"; };
		F0D894581D98223300BBA7E7 /* Zion03.jpg */ = {isa = PBXFileReference; lastKnownFileType = image.jpeg; name = Zion03.jpg; path = Assets/Photos/Zion03.jpg; sourceTree = "<group>"; };
		F0D894761D98225100BBA7E7 /* Photos.plist */ = {isa = PBXFileReference; fileEncoding = 4; lastKnownFileType = text.plist.xml; name = Photos.plist; path = Assets/Photos.plist; sourceTree = "<group>"; };
		F0D8947D1D98263A00BBA7E7 /* ParksModel.swift */ = {isa = PBXFileReference; fileEncoding = 4; lastKnownFileType = sourcecode.swift; path = ParksModel.swift; sourceTree = "<group>"; };
/* End PBXFileReference section */

/* Begin PBXFrameworksBuildPhase section */
		F0D8940B1D98207D00BBA7E7 /* Frameworks */ = {
			isa = PBXFrameworksBuildPhase;
			buildActionMask = 2147483647;
			files = (
			);
			runOnlyForDeploymentPostprocessing = 0;
		};
		F0D8941F1D98207D00BBA7E7 /* Frameworks */ = {
			isa = PBXFrameworksBuildPhase;
			buildActionMask = 2147483647;
			files = (
			);
			runOnlyForDeploymentPostprocessing = 0;
		};
/* End PBXFrameworksBuildPhase section */

/* Begin PBXGroup section */
		F0D894051D98207D00BBA7E7 = {
			isa = PBXGroup;
			children = (
				F0D894101D98207D00BBA7E7 /* ScrollTroll */,
				F0D894251D98207D00BBA7E7 /* ScrollTrollTests */,
				F0D8940F1D98207D00BBA7E7 /* Products */,
			);
			sourceTree = "<group>";
		};
		F0D8940F1D98207D00BBA7E7 /* Products */ = {
			isa = PBXGroup;
			children = (
				F0D8940E1D98207D00BBA7E7 /* ScrollTroll.app */,
				F0D894221D98207D00BBA7E7 /* ScrollTrollTests.xctest */,
			);
			name = Products;
			sourceTree = "<group>";
		};
		F0D894101D98207D00BBA7E7 /* ScrollTroll */ = {
			isa = PBXGroup;
			children = (
				F0D8947F1D9828B300BBA7E7 /* Models */,
				F0D8947A1D9825DB00BBA7E7 /* Storyboards */,
				F0D894791D9825C800BBA7E7 /* Controllers */,
				F0D894781D9825C100BBA7E7 /* Delegates */,
				F0D894181D98207D00BBA7E7 /* Assets.xcassets */,
				F0D8941D1D98207D00BBA7E7 /* Info.plist */,
				F0D894751D98223800BBA7E7 /* Photos */,
				F0D8943C1D98221E00BBA7E7 /* Arrows */,
				F0D894311D9821DE00BBA7E7 /* Assets */,
			);
			path = ScrollTroll;
			sourceTree = "<group>";
		};
		F0D894251D98207D00BBA7E7 /* ScrollTrollTests */ = {
			isa = PBXGroup;
			children = (
				F0D894261D98207D00BBA7E7 /* ScrollTrollTests.swift */,
				F0D894281D98207D00BBA7E7 /* Info.plist */,
			);
			path = ScrollTrollTests;
			sourceTree = "<group>";
		};
		F0D8943C1D98221E00BBA7E7 /* Arrows */ = {
			isa = PBXGroup;
			children = (
				F0D894331D98220300BBA7E7 /* arrowDown.png */,
				F0D894341D98220300BBA7E7 /* arrowLeft.png */,
				F0D894351D98220300BBA7E7 /* arrowRight.png */,
				F0D894361D98220300BBA7E7 /* arrowUp.png */,
			);
			name = Arrows;
			sourceTree = "<group>";
		};
		F0D894751D98223800BBA7E7 /* Photos */ = {
			isa = PBXGroup;
			children = (
				F0D894761D98225100BBA7E7 /* Photos.plist */,
				F0D8943D1D98223300BBA7E7 /* BryceCanyon01.jpg */,
				F0D8943E1D98223300BBA7E7 /* BryceCanyon02.jpg */,
				F0D8943F1D98223300BBA7E7 /* BryceCanyon03.jpg */,
				F0D894401D98223300BBA7E7 /* Carlsbad01.jpg */,
				F0D894411D98223300BBA7E7 /* Carlsbad02.jpg */,
				F0D894421D98223300BBA7E7 /* CarlsBad03.jpg */,
				F0D894431D98223300BBA7E7 /* Carlsbad04.jpg */,
				F0D894441D98223300BBA7E7 /* Everglades01.jpg */,
				F0D894451D98223300BBA7E7 /* Everglades02.jpg */,
				F0D894461D98223300BBA7E7 /* Glacier01.jpg */,
				F0D894471D98223300BBA7E7 /* Glacier02.jpg */,
				F0D894481D98223300BBA7E7 /* Glacier03.jpg */,
				F0D894491D98223300BBA7E7 /* Glacier04.jpg */,
				F0D8944A1D98223300BBA7E7 /* GrandTeton01.jpg */,
				F0D8944B1D98223300BBA7E7 /* GrandTeton02.jpg */,
				F0D8944C1D98223300BBA7E7 /* Yellowstone01.jpg */,
				F0D8944D1D98223300BBA7E7 /* Yellowstone02.jpg */,
				F0D8944E1D98223300BBA7E7 /* Yellowstone03.jpg */,
				F0D8944F1D98223300BBA7E7 /* Yellowstone04.jpg */,
				F0D894501D98223300BBA7E7 /* Yosemite01.jpg */,
				F0D894511D98223300BBA7E7 /* Yosemite02.jpg */,
				F0D894521D98223300BBA7E7 /* Yosemite03.jpg */,
				F0D894531D98223300BBA7E7 /* Yosemite04.jpg */,
				F0D894541D98223300BBA7E7 /* Yosemite05.jpg */,
				F0D894551D98223300BBA7E7 /* Yosemite06.jpg */,
				F0D894561D98223300BBA7E7 /* Zion01.jpg */,
				F0D894571D98223300BBA7E7 /* Zion02.jpg */,
				F0D894581D98223300BBA7E7 /* Zion03.jpg */,
			);
			name = Photos;
			sourceTree = "<group>";
		};
		F0D894781D9825C100BBA7E7 /* Delegates */ = {
			isa = PBXGroup;
			children = (
				F0D894111D98207D00BBA7E7 /* AppDelegate.swift */,
			);
			name = Delegates;
			sourceTree = "<group>";
		};
		F0D894791D9825C800BBA7E7 /* Controllers */ = {
			isa = PBXGroup;
			children = (
				F0D894131D98207D00BBA7E7 /* ViewController.swift */,
			);
			name = Controllers;
			sourceTree = "<group>";
		};
		F0D8947A1D9825DB00BBA7E7 /* Storyboards */ = {
			isa = PBXGroup;
			children = (
				F0D8941A1D98207D00BBA7E7 /* LaunchScreen.storyboard */,
				F0D894151D98207D00BBA7E7 /* Main.storyboard */,
			);
			name = Storyboards;
			sourceTree = "<group>";
		};
		F0D8947F1D9828B300BBA7E7 /* Models */ = {
			isa = PBXGroup;
			children = (
				F0D8947D1D98263A00BBA7E7 /* ParksModel.swift */,
			);
			name = Models;
			sourceTree = "<group>";
		};
/* End PBXGroup section */

/* Begin PBXNativeTarget section */
		F0D8940D1D98207D00BBA7E7 /* ScrollTroll */ = {
			isa = PBXNativeTarget;
			buildConfigurationList = F0D8942B1D98207D00BBA7E7 /* Build configuration list for PBXNativeTarget "ScrollTroll" */;
			buildPhases = (
				F0D8940A1D98207D00BBA7E7 /* Sources */,
				F0D8940B1D98207D00BBA7E7 /* Frameworks */,
				F0D8940C1D98207D00BBA7E7 /* Resources */,
			);
			buildRules = (
			);
			dependencies = (
			);
			name = ScrollTroll;
			productName = ScrollTroll;
			productReference = F0D8940E1D98207D00BBA7E7 /* ScrollTroll.app */;
			productType = "com.apple.product-type.application";
		};
		F0D894211D98207D00BBA7E7 /* ScrollTrollTests */ = {
			isa = PBXNativeTarget;
			buildConfigurationList = F0D8942E1D98207D00BBA7E7 /* Build configuration list for PBXNativeTarget "ScrollTrollTests" */;
			buildPhases = (
				F0D8941E1D98207D00BBA7E7 /* Sources */,
				F0D8941F1D98207D00BBA7E7 /* Frameworks */,
				F0D894201D98207D00BBA7E7 /* Resources */,
			);
			buildRules = (
			);
			dependencies = (
				F0D894241D98207D00BBA7E7 /* PBXTargetDependency */,
			);
			name = ScrollTrollTests;
			productName = ScrollTrollTests;
			productReference = F0D894221D98207D00BBA7E7 /* ScrollTrollTests.xctest */;
			productType = "com.apple.product-type.bundle.unit-test";
		};
/* End PBXNativeTarget section */

/* Begin PBXProject section */
		F0D894061D98207D00BBA7E7 /* Project object */ = {
			isa = PBXProject;
			attributes = {
				LastSwiftUpdateCheck = 0730;
				LastUpgradeCheck = 0730;
				ORGANIZATIONNAME = "Brittany Chiu";
				TargetAttributes = {
					F0D8940D1D98207D00BBA7E7 = {
						CreatedOnToolsVersion = 7.3.1;
						DevelopmentTeam = 7577X5NT42;
					};
					F0D894211D98207D00BBA7E7 = {
						CreatedOnToolsVersion = 7.3.1;
						DevelopmentTeam = 7577X5NT42;
						TestTargetID = F0D8940D1D98207D00BBA7E7;
					};
				};
			};
			buildConfigurationList = F0D894091D98207D00BBA7E7 /* Build configuration list for PBXProject "ScrollTroll" */;
			compatibilityVersion = "Xcode 3.2";
			developmentRegion = English;
			hasScannedForEncodings = 0;
			knownRegions = (
				en,
				Base,
			);
			mainGroup = F0D894051D98207D00BBA7E7;
			productRefGroup = F0D8940F1D98207D00BBA7E7 /* Products */;
			projectDirPath = "";
			projectRoot = "";
			targets = (
				F0D8940D1D98207D00BBA7E7 /* ScrollTroll */,
				F0D894211D98207D00BBA7E7 /* ScrollTrollTests */,
			);
		};
/* End PBXProject section */

/* Begin PBXResourcesBuildPhase section */
		F0D8940C1D98207D00BBA7E7 /* Resources */ = {
			isa = PBXResourcesBuildPhase;
			buildActionMask = 2147483647;
			files = (
				F0D8945D1D98223300BBA7E7 /* Carlsbad02.jpg in Resources */,
				F0D8941C1D98207D00BBA7E7 /* LaunchScreen.storyboard in Resources */,
				F0D894661D98223300BBA7E7 /* GrandTeton01.jpg in Resources */,
				F0D8946B1D98223300BBA7E7 /* Yellowstone04.jpg in Resources */,
				F0D894721D98223300BBA7E7 /* Zion01.jpg in Resources */,
				F0D894691D98223300BBA7E7 /* Yellowstone02.jpg in Resources */,
				F0D894601D98223300BBA7E7 /* Everglades01.jpg in Resources */,
				F0D894321D9821DE00BBA7E7 /* Assets in Resources */,
				F0D894371D98220300BBA7E7 /* arrowDown.png in Resources */,
				F0D894681D98223300BBA7E7 /* Yellowstone01.jpg in Resources */,
				F0D8946C1D98223300BBA7E7 /* Yosemite01.jpg in Resources */,
				F0D894651D98223300BBA7E7 /* Glacier04.jpg in Resources */,
				F0D8946D1D98223300BBA7E7 /* Yosemite02.jpg in Resources */,
				F0D894191D98207D00BBA7E7 /* Assets.xcassets in Resources */,
				F0D894671D98223300BBA7E7 /* GrandTeton02.jpg in Resources */,
				F0D894381D98220300BBA7E7 /* arrowLeft.png in Resources */,
				F0D894741D98223300BBA7E7 /* Zion03.jpg in Resources */,
				F0D8945F1D98223300BBA7E7 /* Carlsbad04.jpg in Resources */,
				F0D894621D98223300BBA7E7 /* Glacier01.jpg in Resources */,
				F0D894701D98223300BBA7E7 /* Yosemite05.jpg in Resources */,
				F0D894391D98220300BBA7E7 /* arrowRight.png in Resources */,
				F0D8945C1D98223300BBA7E7 /* Carlsbad01.jpg in Resources */,
				F0D8946A1D98223300BBA7E7 /* Yellowstone03.jpg in Resources */,
				F0D894711D98223300BBA7E7 /* Yosemite06.jpg in Resources */,
				F0D8943A1D98220300BBA7E7 /* arrowUp.png in Resources */,
				F0D8946E1D98223300BBA7E7 /* Yosemite03.jpg in Resources */,
				F0D8945B1D98223300BBA7E7 /* BryceCanyon03.jpg in Resources */,
				F0D894611D98223300BBA7E7 /* Everglades02.jpg in Resources */,
				F0D894771D98225100BBA7E7 /* Photos.plist in Resources */,
				F0D8945E1D98223300BBA7E7 /* CarlsBad03.jpg in Resources */,
				F0D894591D98223300BBA7E7 /* BryceCanyon01.jpg in Resources */,
				F0D894631D98223300BBA7E7 /* Glacier02.jpg in Resources */,
				F0D894731D98223300BBA7E7 /* Zion02.jpg in Resources */,
				F0D894171D98207D00BBA7E7 /* Main.storyboard in Resources */,
				F0D894641D98223300BBA7E7 /* Glacier03.jpg in Resources */,
				F0D8945A1D98223300BBA7E7 /* BryceCanyon02.jpg in Resources */,
				F0D8946F1D98223300BBA7E7 /* Yosemite04.jpg in Resources */,
			);
			runOnlyForDeploymentPostprocessing = 0;
		};
		F0D894201D98207D00BBA7E7 /* Resources */ = {
			isa = PBXResourcesBuildPhase;
			buildActionMask = 2147483647;
			files = (
			);
			runOnlyForDeploymentPostprocessing = 0;
		};
/* End PBXResourcesBuildPhase section */

/* Begin PBXSourcesBuildPhase section */
		F0D8940A1D98207D00BBA7E7 /* Sources */ = {
			isa = PBXSourcesBuildPhase;
			buildActionMask = 2147483647;
			files = (
				F0D894141D98207D00BBA7E7 /* ViewController.swift in Sources */,
				F0D8947E1D98263A00BBA7E7 /* ParksModel.swift in Sources */,
				F0D894121D98207D00BBA7E7 /* AppDelegate.swift in Sources */,
			);
			runOnlyForDeploymentPostprocessing = 0;
		};
		F0D8941E1D98207D00BBA7E7 /* Sources */ = {
			isa = PBXSourcesBuildPhase;
			buildActionMask = 2147483647;
			files = (
				F0D894271D98207D00BBA7E7 /* ScrollTrollTests.swift in Sources */,
			);
			runOnlyForDeploymentPostprocessing = 0;
		};
/* End PBXSourcesBuildPhase section */

/* Begin PBXTargetDependency section */
		F0D894241D98207D00BBA7E7 /* PBXTargetDependency */ = {
			isa = PBXTargetDependency;
			target = F0D8940D1D98207D00BBA7E7 /* ScrollTroll */;
			targetProxy = F0D894231D98207D00BBA7E7 /* PBXContainerItemProxy */;
		};
/* End PBXTargetDependency section */

/* Begin PBXVariantGroup section */
		F0D894151D98207D00BBA7E7 /* Main.storyboard */ = {
			isa = PBXVariantGroup;
			children = (
				F0D894161D98207D00BBA7E7 /* Base */,
			);
			name = Main.storyboard;
			sourceTree = "<group>";
		};
		F0D8941A1D98207D00BBA7E7 /* LaunchScreen.storyboard */ = {
			isa = PBXVariantGroup;
			children = (
				F0D8941B1D98207D00BBA7E7 /* Base */,
			);
			name = LaunchScreen.storyboard;
			sourceTree = "<group>";
		};
/* End PBXVariantGroup section */

/* Begin XCBuildConfiguration section */
		F0D894291D98207D00BBA7E7 /* Debug */ = {
			isa = XCBuildConfiguration;
			buildSettings = {
				ALWAYS_SEARCH_USER_PATHS = NO;
				CLANG_ANALYZER_NONNULL = YES;
				CLANG_CXX_LANGUAGE_STANDARD = "gnu++0x";
				CLANG_CXX_LIBRARY = "libc++";
				CLANG_ENABLE_MODULES = YES;
				CLANG_ENABLE_OBJC_ARC = YES;
				CLANG_WARN_BOOL_CONVERSION = YES;
				CLANG_WARN_CONSTANT_CONVERSION = YES;
				CLANG_WARN_DIRECT_OBJC_ISA_USAGE = YES_ERROR;
				CLANG_WARN_EMPTY_BODY = YES;
				CLANG_WARN_ENUM_CONVERSION = YES;
				CLANG_WARN_INT_CONVERSION = YES;
				CLANG_WARN_OBJC_ROOT_CLASS = YES_ERROR;
				CLANG_WARN_UNREACHABLE_CODE = YES;
				CLANG_WARN__DUPLICATE_METHOD_MATCH = YES;
				"CODE_SIGN_IDENTITY[sdk=iphoneos*]" = "iPhone Developer";
				COPY_PHASE_STRIP = NO;
				DEBUG_INFORMATION_FORMAT = dwarf;
				ENABLE_STRICT_OBJC_MSGSEND = YES;
				ENABLE_TESTABILITY = YES;
				GCC_C_LANGUAGE_STANDARD = gnu99;
				GCC_DYNAMIC_NO_PIC = NO;
				GCC_NO_COMMON_BLOCKS = YES;
				GCC_OPTIMIZATION_LEVEL = 0;
				GCC_PREPROCESSOR_DEFINITIONS = (
					"DEBUG=1",
					"$(inherited)",
				);
				GCC_WARN_64_TO_32_BIT_CONVERSION = YES;
				GCC_WARN_ABOUT_RETURN_TYPE = YES_ERROR;
				GCC_WARN_UNDECLARED_SELECTOR = YES;
				GCC_WARN_UNINITIALIZED_AUTOS = YES_AGGRESSIVE;
				GCC_WARN_UNUSED_FUNCTION = YES;
				GCC_WARN_UNUSED_VARIABLE = YES;
				IPHONEOS_DEPLOYMENT_TARGET = 9.3;
				MTL_ENABLE_DEBUG_INFO = YES;
				ONLY_ACTIVE_ARCH = YES;
				SDKROOT = iphoneos;
				SWIFT_OPTIMIZATION_LEVEL = "-Onone";
				TARGETED_DEVICE_FAMILY = "1,2";
			};
			name = Debug;
		};
		F0D8942A1D98207D00BBA7E7 /* Release */ = {
			isa = XCBuildConfiguration;
			buildSettings = {
				ALWAYS_SEARCH_USER_PATHS = NO;
				CLANG_ANALYZER_NONNULL = YES;
				CLANG_CXX_LANGUAGE_STANDARD = "gnu++0x";
				CLANG_CXX_LIBRARY = "libc++";
				CLANG_ENABLE_MODULES = YES;
				CLANG_ENABLE_OBJC_ARC = YES;
				CLANG_WARN_BOOL_CONVERSION = YES;
				CLANG_WARN_CONSTANT_CONVERSION = YES;
				CLANG_WARN_DIRECT_OBJC_ISA_USAGE = YES_ERROR;
				CLANG_WARN_EMPTY_BODY = YES;
				CLANG_WARN_ENUM_CONVERSION = YES;
				CLANG_WARN_INT_CONVERSION = YES;
				CLANG_WARN_OBJC_ROOT_CLASS = YES_ERROR;
				CLANG_WARN_UNREACHABLE_CODE = YES;
				CLANG_WARN__DUPLICATE_METHOD_MATCH = YES;
				"CODE_SIGN_IDENTITY[sdk=iphoneos*]" = "iPhone Developer";
				COPY_PHASE_STRIP = NO;
				DEBUG_INFORMATION_FORMAT = "dwarf-with-dsym";
				ENABLE_NS_ASSERTIONS = NO;
				ENABLE_STRICT_OBJC_MSGSEND = YES;
				GCC_C_LANGUAGE_STANDARD = gnu99;
				GCC_NO_COMMON_BLOCKS = YES;
				GCC_WARN_64_TO_32_BIT_CONVERSION = YES;
				GCC_WARN_ABOUT_RETURN_TYPE = YES_ERROR;
				GCC_WARN_UNDECLARED_SELECTOR = YES;
				GCC_WARN_UNINITIALIZED_AUTOS = YES_AGGRESSIVE;
				GCC_WARN_UNUSED_FUNCTION = YES;
				GCC_WARN_UNUSED_VARIABLE = YES;
				IPHONEOS_DEPLOYMENT_TARGET = 9.3;
				MTL_ENABLE_DEBUG_INFO = NO;
				SDKROOT = iphoneos;
				TARGETED_DEVICE_FAMILY = "1,2";
				VALIDATE_PRODUCT = YES;
			};
			name = Release;
		};
		F0D8942C1D98207D00BBA7E7 /* Debug */ = {
			isa = XCBuildConfiguration;
			buildSettings = {
				ASSETCATALOG_COMPILER_APPICON_NAME = AppIcon;
				INFOPLIST_FILE = ScrollTroll/Info.plist;
				LD_RUNPATH_SEARCH_PATHS = "$(inherited) @executable_path/Frameworks";
				PRODUCT_BUNDLE_IDENTIFIER = edu.psu.cse.bcc5160.ScrollTroll;
				PRODUCT_NAME = "$(TARGET_NAME)";
			};
			name = Debug;
		};
		F0D8942D1D98207D00BBA7E7 /* Release */ = {
			isa = XCBuildConfiguration;
			buildSettings = {
				ASSETCATALOG_COMPILER_APPICON_NAME = AppIcon;
				INFOPLIST_FILE = ScrollTroll/Info.plist;
				LD_RUNPATH_SEARCH_PATHS = "$(inherited) @executable_path/Frameworks";
				PRODUCT_BUNDLE_IDENTIFIER = edu.psu.cse.bcc5160.ScrollTroll;
				PRODUCT_NAME = "$(TARGET_NAME)";
			};
			name = Release;
		};
		F0D8942F1D98207D00BBA7E7 /* Debug */ = {
			isa = XCBuildConfiguration;
			buildSettings = {
				BUNDLE_LOADER = "$(TEST_HOST)";
				INFOPLIST_FILE = ScrollTrollTests/Info.plist;
				LD_RUNPATH_SEARCH_PATHS = "$(inherited) @executable_path/Frameworks @loader_path/Frameworks";
				PRODUCT_BUNDLE_IDENTIFIER = edu.psu.cse.bcc5160.ScrollTrollTests;
				PRODUCT_NAME = "$(TARGET_NAME)";
				TEST_HOST = "$(BUILT_PRODUCTS_DIR)/ScrollTroll.app/ScrollTroll";
			};
			name = Debug;
		};
		F0D894301D98207D00BBA7E7 /* Release */ = {
			isa = XCBuildConfiguration;
			buildSettings = {
				BUNDLE_LOADER = "$(TEST_HOST)";
				INFOPLIST_FILE = ScrollTrollTests/Info.plist;
				LD_RUNPATH_SEARCH_PATHS = "$(inherited) @executable_path/Frameworks @loader_path/Frameworks";
				PRODUCT_BUNDLE_IDENTIFIER = edu.psu.cse.bcc5160.ScrollTrollTests;
				PRODUCT_NAME = "$(TARGET_NAME)";
				TEST_HOST = "$(BUILT_PRODUCTS_DIR)/ScrollTroll.app/ScrollTroll";
			};
			name = Release;
		};
/* End XCBuildConfiguration section */

/* Begin XCConfigurationList section */
		F0D894091D98207D00BBA7E7 /* Build configuration list for PBXProject "ScrollTroll" */ = {
			isa = XCConfigurationList;
			buildConfigurations = (
				F0D894291D98207D00BBA7E7 /* Debug */,
				F0D8942A1D98207D00BBA7E7 /* Release */,
			);
			defaultConfigurationIsVisible = 0;
			defaultConfigurationName = Release;
		};
		F0D8942B1D98207D00BBA7E7 /* Build configuration list for PBXNativeTarget "ScrollTroll" */ = {
			isa = XCConfigurationList;
			buildConfigurations = (
				F0D8942C1D98207D00BBA7E7 /* Debug */,
				F0D8942D1D98207D00BBA7E7 /* Release */,
			);
			defaultConfigurationIsVisible = 0;
		};
		F0D8942E1D98207D00BBA7E7 /* Build configuration list for PBXNativeTarget "ScrollTrollTests" */ = {
			isa = XCConfigurationList;
			buildConfigurations = (
				F0D8942F1D98207D00BBA7E7 /* Debug */,
				F0D894301D98207D00BBA7E7 /* Release */,
			);
			defaultConfigurationIsVisible = 0;
		};
/* End XCConfigurationList section */
	};
	rootObject = F0D894061D98207D00BBA7E7 /* Project object */;
}
